
Microsoft Visual Studio Solution File, Format Version 12.00
# Visual Studio Version 17
VisualStudioVersion = 17.7.34009.444
MinimumVisualStudioVersion = 10.0.40219.1
Project("{F184B08F-C81C-45F6-A57F-5ABD9991F28F}") = "ba_assignment5", "ba_assignment5.vbproj", "{80C6DBEB-86B7-4123-99F8-7B699DA4E76C}"
EndProject
Global
	GlobalSection(SolutionConfigurationPlatforms) = preSolution
		Debug|Any CPU = Debug|Any CPU
		Release|Any CPU = Release|Any CPU
	EndGlobalSection
	GlobalSection(ProjectConfigurationPlatforms) = postSolution
		{80C6DBEB-86B7-4123-99F8-7B699DA4E76C}.Debug|Any CPU.ActiveCfg = Debug|Any CPU
		{80C6DBEB-86B7-4123-99F8-7B699DA4E76C}.Debug|Any CPU.Build.0 = Debug|Any CPU
		{80C6DBEB-86B7-4123-99F8-7B699DA4E76C}.Release|Any CPU.ActiveCfg = Release|Any CPU
		{80C6DBEB-86B7-4123-99F8-7B699DA4E76C}.Release|Any CPU.Build.0 = Release|Any CPU
	EndGlobalSection
	GlobalSection(SolutionProperties) = preSolution
		HideSolutionNode = FALSE
	EndGlobalSection
	GlobalSection(ExtensibilityGlobals) = postSolution
		SolutionGuid = {721F1139-851A-4859-9B0B-0EFCFF95AE7B}
	EndGlobalSection
EndGlobal
